// !$*UTF8*$!
{
	archiveVersion = 1;
	classes = {
	};
	objectVersion = 46;
	objects = {

/* Begin PBXBuildFile section */
		4308F302F1CE4A5EAE6C1C82 /* libPods.a in Frameworks */ = {isa = PBXBuildFile; fileRef = 5E2797ACF3644A6492826340 /* libPods.a */; };
		BDBE82B2876A458FBDAB9402 /* libPods-NovProjectTests.a in Frameworks */ = {isa = PBXBuildFile; fileRef = 578D740C29E44739B0E3F3CE /* libPods-NovProjectTests.a */; };
		EA50386717BBD8DB003DBBAE /* SenTestingKit.framework in Frameworks */ = {isa = PBXBuildFile; fileRef = EA50386617BBD8DB003DBBAE /* SenTestingKit.framework */; };
		EA50386817BBD8DB003DBBAE /* UIKit.framework in Frameworks */ = {isa = PBXBuildFile; fileRef = EAAC393A171F6B1400EE670B /* UIKit.framework */; };
		EA50386917BBD8DB003DBBAE /* Foundation.framework in Frameworks */ = {isa = PBXBuildFile; fileRef = EAAC393C171F6B1400EE670B /* Foundation.framework */; };
		EA50386F17BBD8DB003DBBAE /* InfoPlist.strings in Resources */ = {isa = PBXBuildFile; fileRef = EA50386D17BBD8DB003DBBAE /* InfoPlist.strings */; };
		EA50387817BBDD37003DBBAE /* NPUserSpec.m in Sources */ = {isa = PBXBuildFile; fileRef = EA50387717BBDD37003DBBAE /* NPUserSpec.m */; };
		EA8DBBA21734A39C002DD7CC /* Security.framework in Frameworks */ = {isa = PBXBuildFile; fileRef = EA8DBBA11734A39C002DD7CC /* Security.framework */; };
		EAAC393B171F6B1400EE670B /* UIKit.framework in Frameworks */ = {isa = PBXBuildFile; fileRef = EAAC393A171F6B1400EE670B /* UIKit.framework */; };
		EAAC393D171F6B1400EE670B /* Foundation.framework in Frameworks */ = {isa = PBXBuildFile; fileRef = EAAC393C171F6B1400EE670B /* Foundation.framework */; };
		EAAC393F171F6B1400EE670B /* CoreGraphics.framework in Frameworks */ = {isa = PBXBuildFile; fileRef = EAAC393E171F6B1400EE670B /* CoreGraphics.framework */; };
		EAAC3945171F6B1400EE670B /* InfoPlist.strings in Resources */ = {isa = PBXBuildFile; fileRef = EAAC3943171F6B1400EE670B /* InfoPlist.strings */; };
		EAAC3947171F6B1400EE670B /* main.m in Sources */ = {isa = PBXBuildFile; fileRef = EAAC3946171F6B1400EE670B /* main.m */; };
		EAAC394B171F6B1400EE670B /* NPAppDelegate.m in Sources */ = {isa = PBXBuildFile; fileRef = EAAC394A171F6B1400EE670B /* NPAppDelegate.m */; };
		EAAC3954171F6B1400EE670B /* MainStoryboard.storyboard in Resources */ = {isa = PBXBuildFile; fileRef = EAAC3952171F6B1400EE670B /* MainStoryboard.storyboard */; };
		EAAC3980171F793700EE670B /* Default-568h@2x.png in Resources */ = {isa = PBXBuildFile; fileRef = EAAC3973171F793700EE670B /* Default-568h@2x.png */; };
		EAAC3981171F793700EE670B /* Default.png in Resources */ = {isa = PBXBuildFile; fileRef = EAAC3974171F793700EE670B /* Default.png */; };
		EAAC3982171F793700EE670B /* Default@2x.png in Resources */ = {isa = PBXBuildFile; fileRef = EAAC3975171F793700EE670B /* Default@2x.png */; };
		EAAC3983171F793700EE670B /* Icon-72.png in Resources */ = {isa = PBXBuildFile; fileRef = EAAC3976171F793700EE670B /* Icon-72.png */; };
		EAAC3984171F793700EE670B /* Icon-72@2x.png in Resources */ = {isa = PBXBuildFile; fileRef = EAAC3977171F793700EE670B /* Icon-72@2x.png */; };
		EAAC3985171F793700EE670B /* Icon-Small-50.png in Resources */ = {isa = PBXBuildFile; fileRef = EAAC3978171F793700EE670B /* Icon-Small-50.png */; };
		EAAC3986171F793700EE670B /* Icon-Small-50@2x.png in Resources */ = {isa = PBXBuildFile; fileRef = EAAC3979171F793700EE670B /* Icon-Small-50@2x.png */; };
		EAAC3987171F793700EE670B /* Icon-Small.png in Resources */ = {isa = PBXBuildFile; fileRef = EAAC397A171F793700EE670B /* Icon-Small.png */; };
		EAAC3988171F793700EE670B /* Icon-Small@2x.png in Resources */ = {isa = PBXBuildFile; fileRef = EAAC397B171F793700EE670B /* Icon-Small@2x.png */; };
		EAAC3989171F793700EE670B /* Icon.png in Resources */ = {isa = PBXBuildFile; fileRef = EAAC397C171F793700EE670B /* Icon.png */; };
		EAAC398A171F793700EE670B /* Icon@2x.png in Resources */ = {isa = PBXBuildFile; fileRef = EAAC397D171F793700EE670B /* Icon@2x.png */; };
		EAAC398B171F793700EE670B /* iTunesArtwork in Resources */ = {isa = PBXBuildFile; fileRef = EAAC397E171F793700EE670B /* iTunesArtwork */; };
		EAAC398C171F793700EE670B /* iTunesArtwork@2x in Resources */ = {isa = PBXBuildFile; fileRef = EAAC397F171F793700EE670B /* iTunesArtwork@2x */; };
		EAAC3999171FB47900EE670B /* MapKit.framework in Frameworks */ = {isa = PBXBuildFile; fileRef = EAAC3998171FB47900EE670B /* MapKit.framework */; };
		EAAC399C17217AA900EE670B /* tablecell_background.png in Resources */ = {isa = PBXBuildFile; fileRef = EAAC399A17217AA900EE670B /* tablecell_background.png */; };
		EAAC399D17217AA900EE670B /* tablecell_background@2x.png in Resources */ = {isa = PBXBuildFile; fileRef = EAAC399B17217AA900EE670B /* tablecell_background@2x.png */; };
		EAB670D71728E60800342AA1 /* QuartzCore.framework in Frameworks */ = {isa = PBXBuildFile; fileRef = EAB670D61728E60800342AA1 /* QuartzCore.framework */; };
		EAC72E6417BBFE82007E6F0E /* NPWorkoutSpec.m in Sources */ = {isa = PBXBuildFile; fileRef = EAC72E6317BBFE82007E6F0E /* NPWorkoutSpec.m */; };
		EAC72E6A17BC09AA007E6F0E /* NPWorkout+Fixture.m in Sources */ = {isa = PBXBuildFile; fileRef = EAC72E6917BC09AA007E6F0E /* NPWorkout+Fixture.m */; };
		EAC72E6D17BC0A62007E6F0E /* NPUser+Fixture.m in Sources */ = {isa = PBXBuildFile; fileRef = EAC72E6C17BC0A62007E6F0E /* NPUser+Fixture.m */; };
		EAC72E7017BC0A74007E6F0E /* NPVerbal+Fixture.m in Sources */ = {isa = PBXBuildFile; fileRef = EAC72E6F17BC0A74007E6F0E /* NPVerbal+Fixture.m */; };
		EAC72E7317BC0A83007E6F0E /* NPResult+Fixture.m in Sources */ = {isa = PBXBuildFile; fileRef = EAC72E7217BC0A83007E6F0E /* NPResult+Fixture.m */; };
		EAC72E7517BC1592007E6F0E /* NPResultSpec.m in Sources */ = {isa = PBXBuildFile; fileRef = EAC72E7417BC1592007E6F0E /* NPResultSpec.m */; };
		EAC72E7717BC165D007E6F0E /* NPVerbalSpec.m in Sources */ = {isa = PBXBuildFile; fileRef = EAC72E7617BC165D007E6F0E /* NPVerbalSpec.m */; };
		EAC72E7917BC16B7007E6F0E /* NPUtilsSpec.m in Sources */ = {isa = PBXBuildFile; fileRef = EAC72E7817BC16B7007E6F0E /* NPUtilsSpec.m */; };
		EAC72E7D17C28A32007E6F0E /* NPDateFormatter.m in Sources */ = {isa = PBXBuildFile; fileRef = EAC72E7C17C28A32007E6F0E /* NPDateFormatter.m */; };
		EAC72E8017C29346007E6F0E /* NPDateFormatterSpec.m in Sources */ = {isa = PBXBuildFile; fileRef = EAC72E7F17C29346007E6F0E /* NPDateFormatterSpec.m */; };
		EAC72E8217C2B229007E6F0E /* NPCacheManagerSpec.m in Sources */ = {isa = PBXBuildFile; fileRef = EAC72E8117C2B229007E6F0E /* NPCacheManagerSpec.m */; };
		EAC72E8917C2B793007E6F0E /* NPCacheManager.m in Sources */ = {isa = PBXBuildFile; fileRef = EAC72E8817C2B793007E6F0E /* NPCacheManager.m */; };
		EAC72E8C17C3E1D7007E6F0E /* NSObject+MethodSwizzling.m in Sources */ = {isa = PBXBuildFile; fileRef = EAC72E8B17C3E1D7007E6F0E /* NSObject+MethodSwizzling.m */; };
		EAC72E8F17C3E7AE007E6F0E /* NPAPIClient+StubExtentions.m in Sources */ = {isa = PBXBuildFile; fileRef = EAC72E8E17C3E7AE007E6F0E /* NPAPIClient+StubExtentions.m */; };
		EAC72E9117C40F17007E6F0E /* NPAPIClientSpec.m in Sources */ = {isa = PBXBuildFile; fileRef = EAC72E9017C40F17007E6F0E /* NPAPIClientSpec.m */; };
		EAC72E9717C515DE007E6F0E /* NSString+Extensions.m in Sources */ = {isa = PBXBuildFile; fileRef = EAC72E9617C515DE007E6F0E /* NSString+Extensions.m */; };
		EAC72E9A17C52F84007E6F0E /* workout_types.json in Resources */ = {isa = PBXBuildFile; fileRef = EAC72E9917C52F84007E6F0E /* workout_types.json */; };
		EAC72E9C17C5305D007E6F0E /* workouts.json in Resources */ = {isa = PBXBuildFile; fileRef = EAC72E9B17C5305D007E6F0E /* workouts.json */; };
		EAC72EA217C5552C007E6F0E /* NPColors.m in Sources */ = {isa = PBXBuildFile; fileRef = EAC72EA117C5552B007E6F0E /* NPColors.m */; };
		EAC72EA517C556F0007E6F0E /* NPAnalytics.m in Sources */ = {isa = PBXBuildFile; fileRef = EAC72EA417C556EF007E6F0E /* NPAnalytics.m */; };
		EAC72EA717C5574E007E6F0E /* NPAnalyticsSpec.m in Sources */ = {isa = PBXBuildFile; fileRef = EAC72EA617C5574E007E6F0E /* NPAnalyticsSpec.m */; };
		EAD314C7179F050800F59885 /* NPSimpleResultsViewController.m in Sources */ = {isa = PBXBuildFile; fileRef = EAD314C6179F050800F59885 /* NPSimpleResultsViewController.m */; };
		EAD314CA179F0CDF00F59885 /* NPSimpleResultsCell.m in Sources */ = {isa = PBXBuildFile; fileRef = EAD314C9179F0CDF00F59885 /* NPSimpleResultsCell.m */; };
		EAD314F917A5E28C00F59885 /* NPLoginViewController.m in Sources */ = {isa = PBXBuildFile; fileRef = EAD314D017A5E28B00F59885 /* NPLoginViewController.m */; };
		EAD314FA17A5E28C00F59885 /* NPMapViewController.m in Sources */ = {isa = PBXBuildFile; fileRef = EAD314D217A5E28B00F59885 /* NPMapViewController.m */; };
		EAD314FB17A5E28C00F59885 /* NPMasterViewController.m in Sources */ = {isa = PBXBuildFile; fileRef = EAD314D417A5E28B00F59885 /* NPMasterViewController.m */; };
		EAD314FC17A5E28C00F59885 /* NPResultsViewController.m in Sources */ = {isa = PBXBuildFile; fileRef = EAD314D617A5E28B00F59885 /* NPResultsViewController.m */; };
		EAD314FD17A5E28C00F59885 /* NPSubmitResultsViewController.m in Sources */ = {isa = PBXBuildFile; fileRef = EAD314D817A5E28B00F59885 /* NPSubmitResultsViewController.m */; };
		EAD314FE17A5E28C00F59885 /* NPVerbalViewController.m in Sources */ = {isa = PBXBuildFile; fileRef = EAD314DA17A5E28B00F59885 /* NPVerbalViewController.m */; };
		EAD314FF17A5E28C00F59885 /* NPAPIClient.m in Sources */ = {isa = PBXBuildFile; fileRef = EAD314DD17A5E28C00F59885 /* NPAPIClient.m */; };
		EAD3150017A5E28C00F59885 /* NPUtils.m in Sources */ = {isa = PBXBuildFile; fileRef = EAD314DF17A5E28C00F59885 /* NPUtils.m */; };
		EAD3150117A5E28C00F59885 /* FAImageView.m in Sources */ = {isa = PBXBuildFile; fileRef = EAD314E317A5E28C00F59885 /* FAImageView.m */; };
		EAD3150217A5E28C00F59885 /* FontAwesome.ttf in Resources */ = {isa = PBXBuildFile; fileRef = EAD314E417A5E28C00F59885 /* FontAwesome.ttf */; };
		EAD3150317A5E28C00F59885 /* NSString+FontAwesome.m in Sources */ = {isa = PBXBuildFile; fileRef = EAD314E617A5E28C00F59885 /* NSString+FontAwesome.m */; };
		EAD3150417A5E28C00F59885 /* UIFont+FontAwesome.m in Sources */ = {isa = PBXBuildFile; fileRef = EAD314E817A5E28C00F59885 /* UIFont+FontAwesome.m */; };
		EAD3150517A5E28C00F59885 /* NPResult.m in Sources */ = {isa = PBXBuildFile; fileRef = EAD314EB17A5E28C00F59885 /* NPResult.m */; };
		EAD3150617A5E28C00F59885 /* NPUser.m in Sources */ = {isa = PBXBuildFile; fileRef = EAD314ED17A5E28C00F59885 /* NPUser.m */; };
		EAD3150717A5E28C00F59885 /* NPVerbal.m in Sources */ = {isa = PBXBuildFile; fileRef = EAD314EF17A5E28C00F59885 /* NPVerbal.m */; };
		EAD3150817A5E28C00F59885 /* NPWorkout.m in Sources */ = {isa = PBXBuildFile; fileRef = EAD314F117A5E28C00F59885 /* NPWorkout.m */; };
		EAD3150917A5E28C00F59885 /* NPResultCell.m in Sources */ = {isa = PBXBuildFile; fileRef = EAD314F417A5E28C00F59885 /* NPResultCell.m */; };
		EAD3150A17A5E28C00F59885 /* NPVerbalCell.m in Sources */ = {isa = PBXBuildFile; fileRef = EAD314F617A5E28C00F59885 /* NPVerbalCell.m */; };
		EAD3150B17A5E28C00F59885 /* NPWorkoutCell.m in Sources */ = {isa = PBXBuildFile; fileRef = EAD314F817A5E28C00F59885 /* NPWorkoutCell.m */; };
		EAE5EF70178236810091940B /* private.plist in Resources */ = {isa = PBXBuildFile; fileRef = EAE5EF6E178236810091940B /* private.plist */; };
		EAEFFD7D17D138C3004199E6 /* FacebookSDK.framework in Frameworks */ = {isa = PBXBuildFile; fileRef = EAEFFD7C17D138C3004199E6 /* FacebookSDK.framework */; };
		EAEFFD8017D139DC004199E6 /* NSDate+Fixture.m in Sources */ = {isa = PBXBuildFile; fileRef = EAEFFD7F17D139DC004199E6 /* NSDate+Fixture.m */; };
		EAF27749172E129A002A7C7B /* CoreText.framework in Frameworks */ = {isa = PBXBuildFile; fileRef = EAF27748172E129A002A7C7B /* CoreText.framework */; };
		EAF2776B172EEF1A002A7C7B /* tab-map.png in Resources */ = {isa = PBXBuildFile; fileRef = EAF27765172EEF1A002A7C7B /* tab-map.png */; };
		EAF2776C172EEF1A002A7C7B /* tab-map@2x.png in Resources */ = {isa = PBXBuildFile; fileRef = EAF27766172EEF1A002A7C7B /* tab-map@2x.png */; };
		EAF2776D172EEF1A002A7C7B /* tab-results.png in Resources */ = {isa = PBXBuildFile; fileRef = EAF27767172EEF1A002A7C7B /* tab-results.png */; };
		EAF2776E172EEF1A002A7C7B /* tab-results@2x.png in Resources */ = {isa = PBXBuildFile; fileRef = EAF27768172EEF1A002A7C7B /* tab-results@2x.png */; };
		EAF2776F172EEF1A002A7C7B /* tab-verbal.png in Resources */ = {isa = PBXBuildFile; fileRef = EAF27769172EEF1A002A7C7B /* tab-verbal.png */; };
		EAF27770172EEF1A002A7C7B /* tab-verbal@2x.png in Resources */ = {isa = PBXBuildFile; fileRef = EAF2776A172EEF1A002A7C7B /* tab-verbal@2x.png */; };
		EAF277751730261D002A7C7B /* CoreTelephony.framework in Frameworks */ = {isa = PBXBuildFile; fileRef = EAF277741730261D002A7C7B /* CoreTelephony.framework */; };
		EAF277771730A771002A7C7B /* libz.dylib in Frameworks */ = {isa = PBXBuildFile; fileRef = EAF277761730A770002A7C7B /* libz.dylib */; };
		EAF277791730A806002A7C7B /* libTestFlight.a in Frameworks */ = {isa = PBXBuildFile; fileRef = EAF277781730A806002A7C7B /* libTestFlight.a */; };
		EAF5FFF71728EB79001C71F2 /* SystemConfiguration.framework in Frameworks */ = {isa = PBXBuildFile; fileRef = EAF5FFF61728EB79001C71F2 /* SystemConfiguration.framework */; };
		EAF5FFF91728EBAF001C71F2 /* MobileCoreServices.framework in Frameworks */ = {isa = PBXBuildFile; fileRef = EAF5FFF81728EBAF001C71F2 /* MobileCoreServices.framework */; };
		EAF5FFFC172974EE001C71F2 /* arrow.png in Resources */ = {isa = PBXBuildFile; fileRef = EAF5FFFA172974EE001C71F2 /* arrow.png */; };
		EAF5FFFD172974EE001C71F2 /* arrow@2x.png in Resources */ = {isa = PBXBuildFile; fileRef = EAF5FFFB172974EE001C71F2 /* arrow@2x.png */; };
/* End PBXBuildFile section */

/* Begin PBXFileReference section */
		578D740C29E44739B0E3F3CE /* libPods-NovProjectTests.a */ = {isa = PBXFileReference; explicitFileType = archive.ar; includeInIndex = 0; path = "libPods-NovProjectTests.a"; sourceTree = BUILT_PRODUCTS_DIR; };
		59CD237BCEF04942BDB030E2 /* libPods-NovProject.a */ = {isa = PBXFileReference; explicitFileType = archive.ar; includeInIndex = 0; path = "libPods-NovProject.a"; sourceTree = BUILT_PRODUCTS_DIR; };
		5BEB75C6E8B045F7B9E5EEF8 /* Pods-NovProjectTests.xcconfig */ = {isa = PBXFileReference; includeInIndex = 1; lastKnownFileType = text.xcconfig; name = "Pods-NovProjectTests.xcconfig"; path = "Pods/Pods-NovProjectTests.xcconfig"; sourceTree = SOURCE_ROOT; };
		5E2797ACF3644A6492826340 /* libPods.a */ = {isa = PBXFileReference; explicitFileType = archive.ar; includeInIndex = 0; path = libPods.a; sourceTree = BUILT_PRODUCTS_DIR; };
		D3F14BBF2F2B4DA88492C440 /* Pods.xcconfig */ = {isa = PBXFileReference; includeInIndex = 1; lastKnownFileType = text.xcconfig; name = Pods.xcconfig; path = Pods/Pods.xcconfig; sourceTree = SOURCE_ROOT; };
		EA50386517BBD8DB003DBBAE /* NovProjectTests.octest */ = {isa = PBXFileReference; explicitFileType = wrapper.cfbundle; includeInIndex = 0; path = NovProjectTests.octest; sourceTree = BUILT_PRODUCTS_DIR; };
		EA50386617BBD8DB003DBBAE /* SenTestingKit.framework */ = {isa = PBXFileReference; lastKnownFileType = wrapper.framework; name = SenTestingKit.framework; path = Library/Frameworks/SenTestingKit.framework; sourceTree = DEVELOPER_DIR; };
		EA50386C17BBD8DB003DBBAE /* NovProjectTests-Info.plist */ = {isa = PBXFileReference; lastKnownFileType = text.plist.xml; path = "NovProjectTests-Info.plist"; sourceTree = "<group>"; };
		EA50386E17BBD8DB003DBBAE /* en */ = {isa = PBXFileReference; lastKnownFileType = text.plist.strings; name = en; path = en.lproj/InfoPlist.strings; sourceTree = "<group>"; };
		EA50387317BBD8DB003DBBAE /* NovProjectTests-Prefix.pch */ = {isa = PBXFileReference; lastKnownFileType = sourcecode.c.h; path = "NovProjectTests-Prefix.pch"; sourceTree = "<group>"; };
		EA50387717BBDD37003DBBAE /* NPUserSpec.m */ = {isa = PBXFileReference; fileEncoding = 4; lastKnownFileType = sourcecode.c.objc; path = NPUserSpec.m; sourceTree = "<group>"; };
		EA8DBBA11734A39C002DD7CC /* Security.framework */ = {isa = PBXFileReference; lastKnownFileType = wrapper.framework; name = Security.framework; path = System/Library/Frameworks/Security.framework; sourceTree = SDKROOT; };
		EAAC3937171F6B1400EE670B /* NovProject.app */ = {isa = PBXFileReference; explicitFileType = wrapper.application; includeInIndex = 0; path = NovProject.app; sourceTree = BUILT_PRODUCTS_DIR; };
		EAAC393A171F6B1400EE670B /* UIKit.framework */ = {isa = PBXFileReference; lastKnownFileType = wrapper.framework; name = UIKit.framework; path = System/Library/Frameworks/UIKit.framework; sourceTree = SDKROOT; };
		EAAC393C171F6B1400EE670B /* Foundation.framework */ = {isa = PBXFileReference; lastKnownFileType = wrapper.framework; name = Foundation.framework; path = System/Library/Frameworks/Foundation.framework; sourceTree = SDKROOT; };
		EAAC393E171F6B1400EE670B /* CoreGraphics.framework */ = {isa = PBXFileReference; lastKnownFileType = wrapper.framework; name = CoreGraphics.framework; path = System/Library/Frameworks/CoreGraphics.framework; sourceTree = SDKROOT; };
		EAAC3942171F6B1400EE670B /* NovProject-Info.plist */ = {isa = PBXFileReference; lastKnownFileType = text.plist.xml; path = "NovProject-Info.plist"; sourceTree = "<group>"; };
		EAAC3944171F6B1400EE670B /* en */ = {isa = PBXFileReference; lastKnownFileType = text.plist.strings; name = en; path = en.lproj/InfoPlist.strings; sourceTree = "<group>"; };
		EAAC3946171F6B1400EE670B /* main.m */ = {isa = PBXFileReference; lastKnownFileType = sourcecode.c.objc; path = main.m; sourceTree = "<group>"; };
		EAAC3948171F6B1400EE670B /* NovProject-Prefix.pch */ = {isa = PBXFileReference; lastKnownFileType = sourcecode.c.h; path = "NovProject-Prefix.pch"; sourceTree = "<group>"; };
		EAAC3949171F6B1400EE670B /* NPAppDelegate.h */ = {isa = PBXFileReference; lastKnownFileType = sourcecode.c.h; path = NPAppDelegate.h; sourceTree = "<group>"; };
		EAAC394A171F6B1400EE670B /* NPAppDelegate.m */ = {isa = PBXFileReference; lastKnownFileType = sourcecode.c.objc; path = NPAppDelegate.m; sourceTree = "<group>"; };
		EAAC3953171F6B1400EE670B /* en */ = {isa = PBXFileReference; lastKnownFileType = file.storyboard; name = en; path = en.lproj/MainStoryboard.storyboard; sourceTree = "<group>"; };
		EAAC3973171F793700EE670B /* Default-568h@2x.png */ = {isa = PBXFileReference; lastKnownFileType = image.png; path = "Default-568h@2x.png"; sourceTree = "<group>"; };
		EAAC3974171F793700EE670B /* Default.png */ = {isa = PBXFileReference; lastKnownFileType = image.png; path = Default.png; sourceTree = "<group>"; };
		EAAC3975171F793700EE670B /* Default@2x.png */ = {isa = PBXFileReference; lastKnownFileType = image.png; path = "Default@2x.png"; sourceTree = "<group>"; };
		EAAC3976171F793700EE670B /* Icon-72.png */ = {isa = PBXFileReference; lastKnownFileType = image.png; path = "Icon-72.png"; sourceTree = "<group>"; };
		EAAC3977171F793700EE670B /* Icon-72@2x.png */ = {isa = PBXFileReference; lastKnownFileType = image.png; path = "Icon-72@2x.png"; sourceTree = "<group>"; };
		EAAC3978171F793700EE670B /* Icon-Small-50.png */ = {isa = PBXFileReference; lastKnownFileType = image.png; path = "Icon-Small-50.png"; sourceTree = "<group>"; };
		EAAC3979171F793700EE670B /* Icon-Small-50@2x.png */ = {isa = PBXFileReference; lastKnownFileType = image.png; path = "Icon-Small-50@2x.png"; sourceTree = "<group>"; };
		EAAC397A171F793700EE670B /* Icon-Small.png */ = {isa = PBXFileReference; lastKnownFileType = image.png; path = "Icon-Small.png"; sourceTree = "<group>"; };
		EAAC397B171F793700EE670B /* Icon-Small@2x.png */ = {isa = PBXFileReference; lastKnownFileType = image.png; path = "Icon-Small@2x.png"; sourceTree = "<group>"; };
		EAAC397C171F793700EE670B /* Icon.png */ = {isa = PBXFileReference; lastKnownFileType = image.png; path = Icon.png; sourceTree = "<group>"; };
		EAAC397D171F793700EE670B /* Icon@2x.png */ = {isa = PBXFileReference; lastKnownFileType = image.png; path = "Icon@2x.png"; sourceTree = "<group>"; };
		EAAC397E171F793700EE670B /* iTunesArtwork */ = {isa = PBXFileReference; lastKnownFileType = text; path = iTunesArtwork; sourceTree = "<group>"; };
		EAAC397F171F793700EE670B /* iTunesArtwork@2x */ = {isa = PBXFileReference; lastKnownFileType = text; path = "iTunesArtwork@2x"; sourceTree = "<group>"; };
		EAAC398D171FA0F300EE670B /* login-button-small-pressed.png */ = {isa = PBXFileReference; lastKnownFileType = image.png; name = "login-button-small-pressed.png"; path = "../../../../../../Documents/FacebookSDK/FacebookSDK.framework/Versions/A/Resources/FacebookSDKResources.bundle/FBLoginView/images/login-button-small-pressed.png"; sourceTree = "<group>"; };
		EAAC398E171FA0F300EE670B /* login-button-small-pressed@2x.png */ = {isa = PBXFileReference; lastKnownFileType = image.png; name = "login-button-small-pressed@2x.png"; path = "../../../../../../Documents/FacebookSDK/FacebookSDK.framework/Versions/A/Resources/FacebookSDKResources.bundle/FBLoginView/images/login-button-small-pressed@2x.png"; sourceTree = "<group>"; };
		EAAC398F171FA0F300EE670B /* login-button-small.png */ = {isa = PBXFileReference; lastKnownFileType = image.png; name = "login-button-small.png"; path = "../../../../../../Documents/FacebookSDK/FacebookSDK.framework/Versions/A/Resources/FacebookSDKResources.bundle/FBLoginView/images/login-button-small.png"; sourceTree = "<group>"; };
		EAAC3990171FA0F300EE670B /* login-button-small@2x.png */ = {isa = PBXFileReference; lastKnownFileType = image.png; name = "login-button-small@2x.png"; path = "../../../../../../Documents/FacebookSDK/FacebookSDK.framework/Versions/A/Resources/FacebookSDKResources.bundle/FBLoginView/images/login-button-small@2x.png"; sourceTree = "<group>"; };
		EAAC3998171FB47900EE670B /* MapKit.framework */ = {isa = PBXFileReference; lastKnownFileType = wrapper.framework; name = MapKit.framework; path = System/Library/Frameworks/MapKit.framework; sourceTree = SDKROOT; };
		EAAC399A17217AA900EE670B /* tablecell_background.png */ = {isa = PBXFileReference; lastKnownFileType = image.png; path = tablecell_background.png; sourceTree = "<group>"; };
		EAAC399B17217AA900EE670B /* tablecell_background@2x.png */ = {isa = PBXFileReference; lastKnownFileType = image.png; path = "tablecell_background@2x.png"; sourceTree = "<group>"; };
		EAB670D61728E60800342AA1 /* QuartzCore.framework */ = {isa = PBXFileReference; lastKnownFileType = wrapper.framework; name = QuartzCore.framework; path = System/Library/Frameworks/QuartzCore.framework; sourceTree = SDKROOT; };
		EAC72E6317BBFE82007E6F0E /* NPWorkoutSpec.m */ = {isa = PBXFileReference; fileEncoding = 4; lastKnownFileType = sourcecode.c.objc; path = NPWorkoutSpec.m; sourceTree = "<group>"; };
		EAC72E6817BC09AA007E6F0E /* NPWorkout+Fixture.h */ = {isa = PBXFileReference; fileEncoding = 4; lastKnownFileType = sourcecode.c.h; path = "NPWorkout+Fixture.h"; sourceTree = "<group>"; };
		EAC72E6917BC09AA007E6F0E /* NPWorkout+Fixture.m */ = {isa = PBXFileReference; fileEncoding = 4; lastKnownFileType = sourcecode.c.objc; path = "NPWorkout+Fixture.m"; sourceTree = "<group>"; };
		EAC72E6B17BC0A62007E6F0E /* NPUser+Fixture.h */ = {isa = PBXFileReference; fileEncoding = 4; lastKnownFileType = sourcecode.c.h; path = "NPUser+Fixture.h"; sourceTree = "<group>"; };
		EAC72E6C17BC0A62007E6F0E /* NPUser+Fixture.m */ = {isa = PBXFileReference; fileEncoding = 4; lastKnownFileType = sourcecode.c.objc; path = "NPUser+Fixture.m"; sourceTree = "<group>"; };
		EAC72E6E17BC0A74007E6F0E /* NPVerbal+Fixture.h */ = {isa = PBXFileReference; fileEncoding = 4; lastKnownFileType = sourcecode.c.h; path = "NPVerbal+Fixture.h"; sourceTree = "<group>"; };
		EAC72E6F17BC0A74007E6F0E /* NPVerbal+Fixture.m */ = {isa = PBXFileReference; fileEncoding = 4; lastKnownFileType = sourcecode.c.objc; path = "NPVerbal+Fixture.m"; sourceTree = "<group>"; };
		EAC72E7117BC0A83007E6F0E /* NPResult+Fixture.h */ = {isa = PBXFileReference; fileEncoding = 4; lastKnownFileType = sourcecode.c.h; path = "NPResult+Fixture.h"; sourceTree = "<group>"; };
		EAC72E7217BC0A83007E6F0E /* NPResult+Fixture.m */ = {isa = PBXFileReference; fileEncoding = 4; lastKnownFileType = sourcecode.c.objc; path = "NPResult+Fixture.m"; sourceTree = "<group>"; };
		EAC72E7417BC1592007E6F0E /* NPResultSpec.m */ = {isa = PBXFileReference; fileEncoding = 4; lastKnownFileType = sourcecode.c.objc; path = NPResultSpec.m; sourceTree = "<group>"; };
		EAC72E7617BC165D007E6F0E /* NPVerbalSpec.m */ = {isa = PBXFileReference; fileEncoding = 4; lastKnownFileType = sourcecode.c.objc; path = NPVerbalSpec.m; sourceTree = "<group>"; };
		EAC72E7817BC16B7007E6F0E /* NPUtilsSpec.m */ = {isa = PBXFileReference; fileEncoding = 4; lastKnownFileType = sourcecode.c.objc; path = NPUtilsSpec.m; sourceTree = "<group>"; };
		EAC72E7A17BE7B4A007E6F0E /* NPFixtureProtocol.h */ = {isa = PBXFileReference; lastKnownFileType = sourcecode.c.h; path = NPFixtureProtocol.h; sourceTree = "<group>"; };
		EAC72E7B17C28A32007E6F0E /* NPDateFormatter.h */ = {isa = PBXFileReference; fileEncoding = 4; lastKnownFileType = sourcecode.c.h; path = NPDateFormatter.h; sourceTree = "<group>"; };
		EAC72E7C17C28A32007E6F0E /* NPDateFormatter.m */ = {isa = PBXFileReference; fileEncoding = 4; lastKnownFileType = sourcecode.c.objc; path = NPDateFormatter.m; sourceTree = "<group>"; };
		EAC72E7F17C29346007E6F0E /* NPDateFormatterSpec.m */ = {isa = PBXFileReference; fileEncoding = 4; lastKnownFileType = sourcecode.c.objc; name = NPDateFormatterSpec.m; path = Helpers/NPDateFormatterSpec.m; sourceTree = "<group>"; };
		EAC72E8117C2B229007E6F0E /* NPCacheManagerSpec.m */ = {isa = PBXFileReference; fileEncoding = 4; lastKnownFileType = sourcecode.c.objc; name = NPCacheManagerSpec.m; path = Helpers/NPCacheManagerSpec.m; sourceTree = "<group>"; };
		EAC72E8717C2B793007E6F0E /* NPCacheManager.h */ = {isa = PBXFileReference; fileEncoding = 4; lastKnownFileType = sourcecode.c.h; path = NPCacheManager.h; sourceTree = "<group>"; };
		EAC72E8817C2B793007E6F0E /* NPCacheManager.m */ = {isa = PBXFileReference; fileEncoding = 4; lastKnownFileType = sourcecode.c.objc; path = NPCacheManager.m; sourceTree = "<group>"; };
		EAC72E8A17C3E1D7007E6F0E /* NSObject+MethodSwizzling.h */ = {isa = PBXFileReference; fileEncoding = 4; lastKnownFileType = sourcecode.c.h; name = "NSObject+MethodSwizzling.h"; path = "Stubs/NSObject+MethodSwizzling.h"; sourceTree = "<group>"; };
		EAC72E8B17C3E1D7007E6F0E /* NSObject+MethodSwizzling.m */ = {isa = PBXFileReference; fileEncoding = 4; lastKnownFileType = sourcecode.c.objc; name = "NSObject+MethodSwizzling.m"; path = "Stubs/NSObject+MethodSwizzling.m"; sourceTree = "<group>"; };
		EAC72E8D17C3E7AD007E6F0E /* NPAPIClient+StubExtentions.h */ = {isa = PBXFileReference; fileEncoding = 4; lastKnownFileType = sourcecode.c.h; name = "NPAPIClient+StubExtentions.h"; path = "Stubs/NPAPIClient+StubExtentions.h"; sourceTree = "<group>"; };
		EAC72E8E17C3E7AE007E6F0E /* NPAPIClient+StubExtentions.m */ = {isa = PBXFileReference; fileEncoding = 4; lastKnownFileType = sourcecode.c.objc; name = "NPAPIClient+StubExtentions.m"; path = "Stubs/NPAPIClient+StubExtentions.m"; sourceTree = "<group>"; };
		EAC72E9017C40F17007E6F0E /* NPAPIClientSpec.m */ = {isa = PBXFileReference; fileEncoding = 4; lastKnownFileType = sourcecode.c.objc; name = NPAPIClientSpec.m; path = Helpers/NPAPIClientSpec.m; sourceTree = "<group>"; };
		EAC72E9517C515DD007E6F0E /* NSString+Extensions.h */ = {isa = PBXFileReference; fileEncoding = 4; lastKnownFileType = sourcecode.c.h; path = "NSString+Extensions.h"; sourceTree = "<group>"; };
		EAC72E9617C515DE007E6F0E /* NSString+Extensions.m */ = {isa = PBXFileReference; fileEncoding = 4; lastKnownFileType = sourcecode.c.objc; path = "NSString+Extensions.m"; sourceTree = "<group>"; };
		EAC72E9917C52F84007E6F0E /* workout_types.json */ = {isa = PBXFileReference; fileEncoding = 4; lastKnownFileType = text.json; name = workout_types.json; path = JSON/workout_types.json; sourceTree = "<group>"; };
		EAC72E9B17C5305D007E6F0E /* workouts.json */ = {isa = PBXFileReference; fileEncoding = 4; lastKnownFileType = text.json; name = workouts.json; path = JSON/workouts.json; sourceTree = "<group>"; };
		EAC72EA017C5552B007E6F0E /* NPColors.h */ = {isa = PBXFileReference; fileEncoding = 4; lastKnownFileType = sourcecode.c.h; path = NPColors.h; sourceTree = "<group>"; };
		EAC72EA117C5552B007E6F0E /* NPColors.m */ = {isa = PBXFileReference; fileEncoding = 4; lastKnownFileType = sourcecode.c.objc; path = NPColors.m; sourceTree = "<group>"; };
		EAC72EA317C556EF007E6F0E /* NPAnalytics.h */ = {isa = PBXFileReference; fileEncoding = 4; lastKnownFileType = sourcecode.c.h; path = NPAnalytics.h; sourceTree = "<group>"; };
		EAC72EA417C556EF007E6F0E /* NPAnalytics.m */ = {isa = PBXFileReference; fileEncoding = 4; lastKnownFileType = sourcecode.c.objc; path = NPAnalytics.m; sourceTree = "<group>"; };
		EAC72EA617C5574E007E6F0E /* NPAnalyticsSpec.m */ = {isa = PBXFileReference; fileEncoding = 4; lastKnownFileType = sourcecode.c.objc; name = NPAnalyticsSpec.m; path = Helpers/NPAnalyticsSpec.m; sourceTree = "<group>"; };
		EAD314C5179F050800F59885 /* NPSimpleResultsViewController.h */ = {isa = PBXFileReference; fileEncoding = 4; lastKnownFileType = sourcecode.c.h; name = NPSimpleResultsViewController.h; path = simple/NPSimpleResultsViewController.h; sourceTree = "<group>"; };
		EAD314C6179F050800F59885 /* NPSimpleResultsViewController.m */ = {isa = PBXFileReference; fileEncoding = 4; lastKnownFileType = sourcecode.c.objc; name = NPSimpleResultsViewController.m; path = simple/NPSimpleResultsViewController.m; sourceTree = "<group>"; };
		EAD314C8179F0CDF00F59885 /* NPSimpleResultsCell.h */ = {isa = PBXFileReference; fileEncoding = 4; lastKnownFileType = sourcecode.c.h; name = NPSimpleResultsCell.h; path = simple/NPSimpleResultsCell.h; sourceTree = "<group>"; };
		EAD314C9179F0CDF00F59885 /* NPSimpleResultsCell.m */ = {isa = PBXFileReference; fileEncoding = 4; lastKnownFileType = sourcecode.c.objc; name = NPSimpleResultsCell.m; path = simple/NPSimpleResultsCell.m; sourceTree = "<group>"; };
		EAD314CF17A5E28B00F59885 /* NPLoginViewController.h */ = {isa = PBXFileReference; fileEncoding = 4; lastKnownFileType = sourcecode.c.h; path = NPLoginViewController.h; sourceTree = "<group>"; };
		EAD314D017A5E28B00F59885 /* NPLoginViewController.m */ = {isa = PBXFileReference; fileEncoding = 4; lastKnownFileType = sourcecode.c.objc; path = NPLoginViewController.m; sourceTree = "<group>"; };
		EAD314D117A5E28B00F59885 /* NPMapViewController.h */ = {isa = PBXFileReference; fileEncoding = 4; lastKnownFileType = sourcecode.c.h; path = NPMapViewController.h; sourceTree = "<group>"; };
		EAD314D217A5E28B00F59885 /* NPMapViewController.m */ = {isa = PBXFileReference; fileEncoding = 4; lastKnownFileType = sourcecode.c.objc; path = NPMapViewController.m; sourceTree = "<group>"; };
		EAD314D317A5E28B00F59885 /* NPMasterViewController.h */ = {isa = PBXFileReference; fileEncoding = 4; lastKnownFileType = sourcecode.c.h; path = NPMasterViewController.h; sourceTree = "<group>"; };
		EAD314D417A5E28B00F59885 /* NPMasterViewController.m */ = {isa = PBXFileReference; fileEncoding = 4; lastKnownFileType = sourcecode.c.objc; path = NPMasterViewController.m; sourceTree = "<group>"; };
		EAD314D517A5E28B00F59885 /* NPResultsViewController.h */ = {isa = PBXFileReference; fileEncoding = 4; lastKnownFileType = sourcecode.c.h; path = NPResultsViewController.h; sourceTree = "<group>"; };
		EAD314D617A5E28B00F59885 /* NPResultsViewController.m */ = {isa = PBXFileReference; fileEncoding = 4; lastKnownFileType = sourcecode.c.objc; path = NPResultsViewController.m; sourceTree = "<group>"; };
		EAD314D717A5E28B00F59885 /* NPSubmitResultsViewController.h */ = {isa = PBXFileReference; fileEncoding = 4; lastKnownFileType = sourcecode.c.h; path = NPSubmitResultsViewController.h; sourceTree = "<group>"; };
		EAD314D817A5E28B00F59885 /* NPSubmitResultsViewController.m */ = {isa = PBXFileReference; fileEncoding = 4; lastKnownFileType = sourcecode.c.objc; path = NPSubmitResultsViewController.m; sourceTree = "<group>"; };
		EAD314D917A5E28B00F59885 /* NPVerbalViewController.h */ = {isa = PBXFileReference; fileEncoding = 4; lastKnownFileType = sourcecode.c.h; path = NPVerbalViewController.h; sourceTree = "<group>"; };
		EAD314DA17A5E28B00F59885 /* NPVerbalViewController.m */ = {isa = PBXFileReference; fileEncoding = 4; lastKnownFileType = sourcecode.c.objc; path = NPVerbalViewController.m; sourceTree = "<group>"; };
		EAD314DC17A5E28C00F59885 /* NPAPIClient.h */ = {isa = PBXFileReference; fileEncoding = 4; lastKnownFileType = sourcecode.c.h; path = NPAPIClient.h; sourceTree = "<group>"; };
		EAD314DD17A5E28C00F59885 /* NPAPIClient.m */ = {isa = PBXFileReference; fileEncoding = 4; lastKnownFileType = sourcecode.c.objc; path = NPAPIClient.m; sourceTree = "<group>"; };
		EAD314DE17A5E28C00F59885 /* NPUtils.h */ = {isa = PBXFileReference; fileEncoding = 4; lastKnownFileType = sourcecode.c.h; path = NPUtils.h; sourceTree = "<group>"; };
		EAD314DF17A5E28C00F59885 /* NPUtils.m */ = {isa = PBXFileReference; fileEncoding = 4; lastKnownFileType = sourcecode.c.objc; path = NPUtils.m; sourceTree = "<group>"; };
		EAD314E217A5E28C00F59885 /* FAImageView.h */ = {isa = PBXFileReference; fileEncoding = 4; lastKnownFileType = sourcecode.c.h; path = FAImageView.h; sourceTree = "<group>"; };
		EAD314E317A5E28C00F59885 /* FAImageView.m */ = {isa = PBXFileReference; fileEncoding = 4; lastKnownFileType = sourcecode.c.objc; path = FAImageView.m; sourceTree = "<group>"; };
		EAD314E417A5E28C00F59885 /* FontAwesome.ttf */ = {isa = PBXFileReference; lastKnownFileType = file; path = FontAwesome.ttf; sourceTree = "<group>"; };
		EAD314E517A5E28C00F59885 /* NSString+FontAwesome.h */ = {isa = PBXFileReference; fileEncoding = 4; lastKnownFileType = sourcecode.c.h; path = "NSString+FontAwesome.h"; sourceTree = "<group>"; };
		EAD314E617A5E28C00F59885 /* NSString+FontAwesome.m */ = {isa = PBXFileReference; fileEncoding = 4; lastKnownFileType = sourcecode.c.objc; path = "NSString+FontAwesome.m"; sourceTree = "<group>"; };
		EAD314E717A5E28C00F59885 /* UIFont+FontAwesome.h */ = {isa = PBXFileReference; fileEncoding = 4; lastKnownFileType = sourcecode.c.h; path = "UIFont+FontAwesome.h"; sourceTree = "<group>"; };
		EAD314E817A5E28C00F59885 /* UIFont+FontAwesome.m */ = {isa = PBXFileReference; fileEncoding = 4; lastKnownFileType = sourcecode.c.objc; path = "UIFont+FontAwesome.m"; sourceTree = "<group>"; };
		EAD314EA17A5E28C00F59885 /* NPResult.h */ = {isa = PBXFileReference; fileEncoding = 4; lastKnownFileType = sourcecode.c.h; path = NPResult.h; sourceTree = "<group>"; };
		EAD314EB17A5E28C00F59885 /* NPResult.m */ = {isa = PBXFileReference; fileEncoding = 4; lastKnownFileType = sourcecode.c.objc; path = NPResult.m; sourceTree = "<group>"; };
		EAD314EC17A5E28C00F59885 /* NPUser.h */ = {isa = PBXFileReference; fileEncoding = 4; lastKnownFileType = sourcecode.c.h; path = NPUser.h; sourceTree = "<group>"; };
		EAD314ED17A5E28C00F59885 /* NPUser.m */ = {isa = PBXFileReference; fileEncoding = 4; lastKnownFileType = sourcecode.c.objc; path = NPUser.m; sourceTree = "<group>"; };
		EAD314EE17A5E28C00F59885 /* NPVerbal.h */ = {isa = PBXFileReference; fileEncoding = 4; lastKnownFileType = sourcecode.c.h; path = NPVerbal.h; sourceTree = "<group>"; };
		EAD314EF17A5E28C00F59885 /* NPVerbal.m */ = {isa = PBXFileReference; fileEncoding = 4; lastKnownFileType = sourcecode.c.objc; path = NPVerbal.m; sourceTree = "<group>"; };
		EAD314F017A5E28C00F59885 /* NPWorkout.h */ = {isa = PBXFileReference; fileEncoding = 4; lastKnownFileType = sourcecode.c.h; path = NPWorkout.h; sourceTree = "<group>"; };
		EAD314F117A5E28C00F59885 /* NPWorkout.m */ = {isa = PBXFileReference; fileEncoding = 4; lastKnownFileType = sourcecode.c.objc; path = NPWorkout.m; sourceTree = "<group>"; };
		EAD314F317A5E28C00F59885 /* NPResultCell.h */ = {isa = PBXFileReference; fileEncoding = 4; lastKnownFileType = sourcecode.c.h; path = NPResultCell.h; sourceTree = "<group>"; };
		EAD314F417A5E28C00F59885 /* NPResultCell.m */ = {isa = PBXFileReference; fileEncoding = 4; lastKnownFileType = sourcecode.c.objc; path = NPResultCell.m; sourceTree = "<group>"; };
		EAD314F517A5E28C00F59885 /* NPVerbalCell.h */ = {isa = PBXFileReference; fileEncoding = 4; lastKnownFileType = sourcecode.c.h; path = NPVerbalCell.h; sourceTree = "<group>"; };
		EAD314F617A5E28C00F59885 /* NPVerbalCell.m */ = {isa = PBXFileReference; fileEncoding = 4; lastKnownFileType = sourcecode.c.objc; path = NPVerbalCell.m; sourceTree = "<group>"; };
		EAD314F717A5E28C00F59885 /* NPWorkoutCell.h */ = {isa = PBXFileReference; fileEncoding = 4; lastKnownFileType = sourcecode.c.h; path = NPWorkoutCell.h; sourceTree = "<group>"; };
		EAD314F817A5E28C00F59885 /* NPWorkoutCell.m */ = {isa = PBXFileReference; fileEncoding = 4; lastKnownFileType = sourcecode.c.objc; path = NPWorkoutCell.m; sourceTree = "<group>"; };
		EAE5EF6F178236810091940B /* en */ = {isa = PBXFileReference; lastKnownFileType = text.plist.xml; name = en; path = en.lproj/private.plist; sourceTree = "<group>"; };
		EAEFFD7C17D138C3004199E6 /* FacebookSDK.framework */ = {isa = PBXFileReference; lastKnownFileType = wrapper.framework; name = FacebookSDK.framework; path = ../../../../Documents/FacebookSDK/FacebookSDK.framework; sourceTree = "<group>"; };
		EAEFFD7E17D139DC004199E6 /* NSDate+Fixture.h */ = {isa = PBXFileReference; fileEncoding = 4; lastKnownFileType = sourcecode.c.h; path = "NSDate+Fixture.h"; sourceTree = "<group>"; };
		EAEFFD7F17D139DC004199E6 /* NSDate+Fixture.m */ = {isa = PBXFileReference; fileEncoding = 4; lastKnownFileType = sourcecode.c.objc; path = "NSDate+Fixture.m"; sourceTree = "<group>"; };
		EAF27748172E129A002A7C7B /* CoreText.framework */ = {isa = PBXFileReference; lastKnownFileType = wrapper.framework; name = CoreText.framework; path = System/Library/Frameworks/CoreText.framework; sourceTree = SDKROOT; };
		EAF27765172EEF1A002A7C7B /* tab-map.png */ = {isa = PBXFileReference; lastKnownFileType = image.png; path = "tab-map.png"; sourceTree = "<group>"; };
		EAF27766172EEF1A002A7C7B /* tab-map@2x.png */ = {isa = PBXFileReference; lastKnownFileType = image.png; path = "tab-map@2x.png"; sourceTree = "<group>"; };
		EAF27767172EEF1A002A7C7B /* tab-results.png */ = {isa = PBXFileReference; lastKnownFileType = image.png; path = "tab-results.png"; sourceTree = "<group>"; };
		EAF27768172EEF1A002A7C7B /* tab-results@2x.png */ = {isa = PBXFileReference; lastKnownFileType = image.png; path = "tab-results@2x.png"; sourceTree = "<group>"; };
		EAF27769172EEF1A002A7C7B /* tab-verbal.png */ = {isa = PBXFileReference; lastKnownFileType = image.png; path = "tab-verbal.png"; sourceTree = "<group>"; };
		EAF2776A172EEF1A002A7C7B /* tab-verbal@2x.png */ = {isa = PBXFileReference; lastKnownFileType = image.png; path = "tab-verbal@2x.png"; sourceTree = "<group>"; };
		EAF277741730261D002A7C7B /* CoreTelephony.framework */ = {isa = PBXFileReference; lastKnownFileType = wrapper.framework; name = CoreTelephony.framework; path = System/Library/Frameworks/CoreTelephony.framework; sourceTree = SDKROOT; };
		EAF277761730A770002A7C7B /* libz.dylib */ = {isa = PBXFileReference; lastKnownFileType = "compiled.mach-o.dylib"; name = libz.dylib; path = usr/lib/libz.dylib; sourceTree = SDKROOT; };
		EAF277781730A806002A7C7B /* libTestFlight.a */ = {isa = PBXFileReference; lastKnownFileType = archive.ar; name = libTestFlight.a; path = Pods/TestFlightSDK/libTestFlight.a; sourceTree = "<group>"; };
		EAF5FFF61728EB79001C71F2 /* SystemConfiguration.framework */ = {isa = PBXFileReference; lastKnownFileType = wrapper.framework; name = SystemConfiguration.framework; path = System/Library/Frameworks/SystemConfiguration.framework; sourceTree = SDKROOT; };
		EAF5FFF81728EBAF001C71F2 /* MobileCoreServices.framework */ = {isa = PBXFileReference; lastKnownFileType = wrapper.framework; name = MobileCoreServices.framework; path = System/Library/Frameworks/MobileCoreServices.framework; sourceTree = SDKROOT; };
		EAF5FFFA172974EE001C71F2 /* arrow.png */ = {isa = PBXFileReference; lastKnownFileType = image.png; path = arrow.png; sourceTree = "<group>"; };
		EAF5FFFB172974EE001C71F2 /* arrow@2x.png */ = {isa = PBXFileReference; lastKnownFileType = image.png; path = "arrow@2x.png"; sourceTree = "<group>"; };
/* End PBXFileReference section */

/* Begin PBXFrameworksBuildPhase section */
		EA50386117BBD8DB003DBBAE /* Frameworks */ = {
			isa = PBXFrameworksBuildPhase;
			buildActionMask = 2147483647;
			files = (
				EA50386717BBD8DB003DBBAE /* SenTestingKit.framework in Frameworks */,
				EA50386817BBD8DB003DBBAE /* UIKit.framework in Frameworks */,
				EA50386917BBD8DB003DBBAE /* Foundation.framework in Frameworks */,
				BDBE82B2876A458FBDAB9402 /* libPods-NovProjectTests.a in Frameworks */,
			);
			runOnlyForDeploymentPostprocessing = 0;
		};
		EAAC3934171F6B1400EE670B /* Frameworks */ = {
			isa = PBXFrameworksBuildPhase;
			buildActionMask = 2147483647;
			files = (
				EAEFFD7D17D138C3004199E6 /* FacebookSDK.framework in Frameworks */,
				EA8DBBA21734A39C002DD7CC /* Security.framework in Frameworks */,
				EAF5FFF71728EB79001C71F2 /* SystemConfiguration.framework in Frameworks */,
				EAF277791730A806002A7C7B /* libTestFlight.a in Frameworks */,
				EAF277771730A771002A7C7B /* libz.dylib in Frameworks */,
				EAF277751730261D002A7C7B /* CoreTelephony.framework in Frameworks */,
				EAF27749172E129A002A7C7B /* CoreText.framework in Frameworks */,
				EAF5FFF91728EBAF001C71F2 /* MobileCoreServices.framework in Frameworks */,
				EAB670D71728E60800342AA1 /* QuartzCore.framework in Frameworks */,
				EAAC3999171FB47900EE670B /* MapKit.framework in Frameworks */,
				EAAC393B171F6B1400EE670B /* UIKit.framework in Frameworks */,
				EAAC393D171F6B1400EE670B /* Foundation.framework in Frameworks */,
				EAAC393F171F6B1400EE670B /* CoreGraphics.framework in Frameworks */,
				4308F302F1CE4A5EAE6C1C82 /* libPods.a in Frameworks */,
			);
			runOnlyForDeploymentPostprocessing = 0;
		};
/* End PBXFrameworksBuildPhase section */

/* Begin PBXGroup section */
		EA50386A17BBD8DB003DBBAE /* NovProjectTests */ = {
			isa = PBXGroup;
			children = (
				EAC72E9817C52F4B007E6F0E /* JSON */,
				EAC72E8317C2B651007E6F0E /* Stubs */,
				EAC72E6717BC096E007E6F0E /* Fixtures */,
				EAC72E6517BC08BE007E6F0E /* Tests */,
				EA50386B17BBD8DB003DBBAE /* Supporting Files */,
			);
			path = NovProjectTests;
			sourceTree = "<group>";
		};
		EA50386B17BBD8DB003DBBAE /* Supporting Files */ = {
			isa = PBXGroup;
			children = (
				EA50386C17BBD8DB003DBBAE /* NovProjectTests-Info.plist */,
				EA50386D17BBD8DB003DBBAE /* InfoPlist.strings */,
				EA50387317BBD8DB003DBBAE /* NovProjectTests-Prefix.pch */,
			);
			name = "Supporting Files";
			sourceTree = "<group>";
		};
		EAAC392E171F6B1400EE670B = {
			isa = PBXGroup;
			children = (
				EAAC3940171F6B1400EE670B /* NovProject */,
				EA50386A17BBD8DB003DBBAE /* NovProjectTests */,
				EAAC3939171F6B1400EE670B /* Frameworks */,
				EAAC3938171F6B1400EE670B /* Products */,
				D3F14BBF2F2B4DA88492C440 /* Pods.xcconfig */,
				5BEB75C6E8B045F7B9E5EEF8 /* Pods-NovProjectTests.xcconfig */,
			);
			sourceTree = "<group>";
		};
		EAAC3938171F6B1400EE670B /* Products */ = {
			isa = PBXGroup;
			children = (
				EAAC3937171F6B1400EE670B /* NovProject.app */,
				EA50386517BBD8DB003DBBAE /* NovProjectTests.octest */,
			);
			name = Products;
			sourceTree = "<group>";
		};
		EAAC3939171F6B1400EE670B /* Frameworks */ = {
			isa = PBXGroup;
			children = (
				EAEFFD7C17D138C3004199E6 /* FacebookSDK.framework */,
				EA8DBBA11734A39C002DD7CC /* Security.framework */,
				EAF277781730A806002A7C7B /* libTestFlight.a */,
				EAF277761730A770002A7C7B /* libz.dylib */,
				EAF277741730261D002A7C7B /* CoreTelephony.framework */,
				EAF27748172E129A002A7C7B /* CoreText.framework */,
				EAF5FFF81728EBAF001C71F2 /* MobileCoreServices.framework */,
				EAF5FFF61728EB79001C71F2 /* SystemConfiguration.framework */,
				EAB670D61728E60800342AA1 /* QuartzCore.framework */,
				EAAC3998171FB47900EE670B /* MapKit.framework */,
				EAAC393A171F6B1400EE670B /* UIKit.framework */,
				EAAC393C171F6B1400EE670B /* Foundation.framework */,
				EAAC393E171F6B1400EE670B /* CoreGraphics.framework */,
				5E2797ACF3644A6492826340 /* libPods.a */,
				EA50386617BBD8DB003DBBAE /* SenTestingKit.framework */,
				59CD237BCEF04942BDB030E2 /* libPods-NovProject.a */,
				578D740C29E44739B0E3F3CE /* libPods-NovProjectTests.a */,
			);
			name = Frameworks;
			sourceTree = "<group>";
		};
		EAAC3940171F6B1400EE670B /* NovProject */ = {
			isa = PBXGroup;
			children = (
				EAD314CE17A5E28B00F59885 /* controllers */,
				EAD314DB17A5E28B00F59885 /* helpers */,
				EAD314E017A5E28C00F59885 /* libs */,
				EAD314E917A5E28C00F59885 /* models */,
				EAD314F217A5E28C00F59885 /* views */,
				EAAC3972171F793700EE670B /* images */,
				EAAC3949171F6B1400EE670B /* NPAppDelegate.h */,
				EAAC394A171F6B1400EE670B /* NPAppDelegate.m */,
				EAAC3952171F6B1400EE670B /* MainStoryboard.storyboard */,
				EAD314C4179F04AD00F59885 /* Simple Flow */,
				EAAC3941171F6B1400EE670B /* Supporting Files */,
			);
			path = NovProject;
			sourceTree = "<group>";
		};
		EAAC3941171F6B1400EE670B /* Supporting Files */ = {
			isa = PBXGroup;
			children = (
				EAAC3942171F6B1400EE670B /* NovProject-Info.plist */,
				EAAC3943171F6B1400EE670B /* InfoPlist.strings */,
				EAAC3946171F6B1400EE670B /* main.m */,
				EAAC3948171F6B1400EE670B /* NovProject-Prefix.pch */,
				EAE5EF6E178236810091940B /* private.plist */,
			);
			name = "Supporting Files";
			sourceTree = "<group>";
		};
		EAAC3972171F793700EE670B /* images */ = {
			isa = PBXGroup;
			children = (
				EAF27765172EEF1A002A7C7B /* tab-map.png */,
				EAF27766172EEF1A002A7C7B /* tab-map@2x.png */,
				EAF27767172EEF1A002A7C7B /* tab-results.png */,
				EAF27768172EEF1A002A7C7B /* tab-results@2x.png */,
				EAF27769172EEF1A002A7C7B /* tab-verbal.png */,
				EAF2776A172EEF1A002A7C7B /* tab-verbal@2x.png */,
				EAF5FFFA172974EE001C71F2 /* arrow.png */,
				EAF5FFFB172974EE001C71F2 /* arrow@2x.png */,
				EAAC399A17217AA900EE670B /* tablecell_background.png */,
				EAAC399B17217AA900EE670B /* tablecell_background@2x.png */,
				EAAC398D171FA0F300EE670B /* login-button-small-pressed.png */,
				EAAC398E171FA0F300EE670B /* login-button-small-pressed@2x.png */,
				EAAC398F171FA0F300EE670B /* login-button-small.png */,
				EAAC3990171FA0F300EE670B /* login-button-small@2x.png */,
				EAAC3973171F793700EE670B /* Default-568h@2x.png */,
				EAAC3974171F793700EE670B /* Default.png */,
				EAAC3975171F793700EE670B /* Default@2x.png */,
				EAAC3976171F793700EE670B /* Icon-72.png */,
				EAAC3977171F793700EE670B /* Icon-72@2x.png */,
				EAAC3978171F793700EE670B /* Icon-Small-50.png */,
				EAAC3979171F793700EE670B /* Icon-Small-50@2x.png */,
				EAAC397A171F793700EE670B /* Icon-Small.png */,
				EAAC397B171F793700EE670B /* Icon-Small@2x.png */,
				EAAC397C171F793700EE670B /* Icon.png */,
				EAAC397D171F793700EE670B /* Icon@2x.png */,
				EAAC397E171F793700EE670B /* iTunesArtwork */,
				EAAC397F171F793700EE670B /* iTunesArtwork@2x */,
			);
			path = images;
			sourceTree = "<group>";
		};
		EAC72E6517BC08BE007E6F0E /* Tests */ = {
			isa = PBXGroup;
			children = (
				EAC72E7E17C29313007E6F0E /* Helpers */,
				EAC72E6617BC0928007E6F0E /* Models */,
			);
			path = Tests;
			sourceTree = "<group>";
		};
		EAC72E6617BC0928007E6F0E /* Models */ = {
			isa = PBXGroup;
			children = (
				EA50387717BBDD37003DBBAE /* NPUserSpec.m */,
				EAC72E6317BBFE82007E6F0E /* NPWorkoutSpec.m */,
				EAC72E7417BC1592007E6F0E /* NPResultSpec.m */,
				EAC72E7617BC165D007E6F0E /* NPVerbalSpec.m */,
				EAC72E7817BC16B7007E6F0E /* NPUtilsSpec.m */,
			);
			path = Models;
			sourceTree = "<group>";
		};
		EAC72E6717BC096E007E6F0E /* Fixtures */ = {
			isa = PBXGroup;
			children = (
				EAC72E6817BC09AA007E6F0E /* NPWorkout+Fixture.h */,
				EAC72E6917BC09AA007E6F0E /* NPWorkout+Fixture.m */,
				EAC72E6B17BC0A62007E6F0E /* NPUser+Fixture.h */,
				EAC72E6C17BC0A62007E6F0E /* NPUser+Fixture.m */,
				EAC72E6E17BC0A74007E6F0E /* NPVerbal+Fixture.h */,
				EAC72E6F17BC0A74007E6F0E /* NPVerbal+Fixture.m */,
				EAC72E7117BC0A83007E6F0E /* NPResult+Fixture.h */,
				EAC72E7217BC0A83007E6F0E /* NPResult+Fixture.m */,
				EAC72E7A17BE7B4A007E6F0E /* NPFixtureProtocol.h */,
				EAEFFD7E17D139DC004199E6 /* NSDate+Fixture.h */,
				EAEFFD7F17D139DC004199E6 /* NSDate+Fixture.m */,
			);
			path = Fixtures;
			sourceTree = "<group>";
		};
		EAC72E7E17C29313007E6F0E /* Helpers */ = {
			isa = PBXGroup;
			children = (
				EAC72E7F17C29346007E6F0E /* NPDateFormatterSpec.m */,
				EAC72E8117C2B229007E6F0E /* NPCacheManagerSpec.m */,
				EAC72E9017C40F17007E6F0E /* NPAPIClientSpec.m */,
				EAC72EA617C5574E007E6F0E /* NPAnalyticsSpec.m */,
			);
			name = Helpers;
			sourceTree = "<group>";
		};
		EAC72E8317C2B651007E6F0E /* Stubs */ = {
			isa = PBXGroup;
			children = (
				EAC72E8A17C3E1D7007E6F0E /* NSObject+MethodSwizzling.h */,
				EAC72E8B17C3E1D7007E6F0E /* NSObject+MethodSwizzling.m */,
				EAC72E8D17C3E7AD007E6F0E /* NPAPIClient+StubExtentions.h */,
				EAC72E8E17C3E7AE007E6F0E /* NPAPIClient+StubExtentions.m */,
			);
			name = Stubs;
			sourceTree = "<group>";
		};
		EAC72E9817C52F4B007E6F0E /* JSON */ = {
			isa = PBXGroup;
			children = (
				EAC72E9917C52F84007E6F0E /* workout_types.json */,
				EAC72E9B17C5305D007E6F0E /* workouts.json */,
			);
			name = JSON;
			sourceTree = "<group>";
		};
		EAD314C4179F04AD00F59885 /* Simple Flow */ = {
			isa = PBXGroup;
			children = (
				EAD314C5179F050800F59885 /* NPSimpleResultsViewController.h */,
				EAD314C6179F050800F59885 /* NPSimpleResultsViewController.m */,
				EAD314C8179F0CDF00F59885 /* NPSimpleResultsCell.h */,
				EAD314C9179F0CDF00F59885 /* NPSimpleResultsCell.m */,
			);
			name = "Simple Flow";
			sourceTree = "<group>";
		};
		EAD314CE17A5E28B00F59885 /* controllers */ = {
			isa = PBXGroup;
			children = (
				EAD314CF17A5E28B00F59885 /* NPLoginViewController.h */,
				EAD314D017A5E28B00F59885 /* NPLoginViewController.m */,
				EAD314D117A5E28B00F59885 /* NPMapViewController.h */,
				EAD314D217A5E28B00F59885 /* NPMapViewController.m */,
				EAD314D317A5E28B00F59885 /* NPMasterViewController.h */,
				EAD314D417A5E28B00F59885 /* NPMasterViewController.m */,
				EAD314D517A5E28B00F59885 /* NPResultsViewController.h */,
				EAD314D617A5E28B00F59885 /* NPResultsViewController.m */,
				EAD314D717A5E28B00F59885 /* NPSubmitResultsViewController.h */,
				EAD314D817A5E28B00F59885 /* NPSubmitResultsViewController.m */,
				EAD314D917A5E28B00F59885 /* NPVerbalViewController.h */,
				EAD314DA17A5E28B00F59885 /* NPVerbalViewController.m */,
			);
			path = controllers;
			sourceTree = "<group>";
		};
		EAD314DB17A5E28B00F59885 /* helpers */ = {
			isa = PBXGroup;
			children = (
				EAD314DC17A5E28C00F59885 /* NPAPIClient.h */,
				EAD314DD17A5E28C00F59885 /* NPAPIClient.m */,
				EAD314DE17A5E28C00F59885 /* NPUtils.h */,
				EAD314DF17A5E28C00F59885 /* NPUtils.m */,
				EAC72E7B17C28A32007E6F0E /* NPDateFormatter.h */,
				EAC72E7C17C28A32007E6F0E /* NPDateFormatter.m */,
				EAC72E8717C2B793007E6F0E /* NPCacheManager.h */,
				EAC72E8817C2B793007E6F0E /* NPCacheManager.m */,
				EAC72E9517C515DD007E6F0E /* NSString+Extensions.h */,
				EAC72E9617C515DE007E6F0E /* NSString+Extensions.m */,
				EAC72EA017C5552B007E6F0E /* NPColors.h */,
				EAC72EA117C5552B007E6F0E /* NPColors.m */,
				EAC72EA317C556EF007E6F0E /* NPAnalytics.h */,
				EAC72EA417C556EF007E6F0E /* NPAnalytics.m */,
			);
			path = helpers;
			sourceTree = "<group>";
		};
		EAD314E017A5E28C00F59885 /* libs */ = {
			isa = PBXGroup;
			children = (
				EAD314E117A5E28C00F59885 /* FontAwesome */,
			);
			path = libs;
			sourceTree = "<group>";
		};
		EAD314E117A5E28C00F59885 /* FontAwesome */ = {
			isa = PBXGroup;
			children = (
				EAD314E217A5E28C00F59885 /* FAImageView.h */,
				EAD314E317A5E28C00F59885 /* FAImageView.m */,
				EAD314E417A5E28C00F59885 /* FontAwesome.ttf */,
				EAD314E517A5E28C00F59885 /* NSString+FontAwesome.h */,
				EAD314E617A5E28C00F59885 /* NSString+FontAwesome.m */,
				EAD314E717A5E28C00F59885 /* UIFont+FontAwesome.h */,
				EAD314E817A5E28C00F59885 /* UIFont+FontAwesome.m */,
			);
			path = FontAwesome;
			sourceTree = "<group>";
		};
		EAD314E917A5E28C00F59885 /* models */ = {
			isa = PBXGroup;
			children = (
				EAD314EA17A5E28C00F59885 /* NPResult.h */,
				EAD314EB17A5E28C00F59885 /* NPResult.m */,
				EAD314EC17A5E28C00F59885 /* NPUser.h */,
				EAD314ED17A5E28C00F59885 /* NPUser.m */,
				EAD314EE17A5E28C00F59885 /* NPVerbal.h */,
				EAD314EF17A5E28C00F59885 /* NPVerbal.m */,
				EAD314F017A5E28C00F59885 /* NPWorkout.h */,
				EAD314F117A5E28C00F59885 /* NPWorkout.m */,
			);
			path = models;
			sourceTree = "<group>";
		};
		EAD314F217A5E28C00F59885 /* views */ = {
			isa = PBXGroup;
			children = (
				EAD314F317A5E28C00F59885 /* NPResultCell.h */,
				EAD314F417A5E28C00F59885 /* NPResultCell.m */,
				EAD314F517A5E28C00F59885 /* NPVerbalCell.h */,
				EAD314F617A5E28C00F59885 /* NPVerbalCell.m */,
				EAD314F717A5E28C00F59885 /* NPWorkoutCell.h */,
				EAD314F817A5E28C00F59885 /* NPWorkoutCell.m */,
			);
			path = views;
			sourceTree = "<group>";
		};
/* End PBXGroup section */

/* Begin PBXNativeTarget section */
		EA50386417BBD8DB003DBBAE /* NovProjectTests */ = {
			isa = PBXNativeTarget;
			buildConfigurationList = EA50387617BBD8DB003DBBAE /* Build configuration list for PBXNativeTarget "NovProjectTests" */;
			buildPhases = (
				05C9A2E25C44488D92483122 /* Check Pods Manifest.lock */,
				EA50386017BBD8DB003DBBAE /* Sources */,
				EA50386117BBD8DB003DBBAE /* Frameworks */,
				EA50386217BBD8DB003DBBAE /* Resources */,
				EA50386317BBD8DB003DBBAE /* ShellScript */,
				49969DFFCA5F4B64BB78BCD5 /* Copy Pods Resources */,
			);
			buildRules = (
			);
			dependencies = (
			);
			name = NovProjectTests;
			productName = NovProjectTests;
			productReference = EA50386517BBD8DB003DBBAE /* NovProjectTests.octest */;
			productType = "com.apple.product-type.bundle";
		};
		EAAC3936171F6B1400EE670B /* NovProject */ = {
			isa = PBXNativeTarget;
			buildConfigurationList = EAAC395D171F6B1400EE670B /* Build configuration list for PBXNativeTarget "NovProject" */;
			buildPhases = (
				D154088BA918490288C5383F /* Check Pods Manifest.lock */,
				EAAC3933171F6B1400EE670B /* Sources */,
				EAAC3934171F6B1400EE670B /* Frameworks */,
				EAAC3935171F6B1400EE670B /* Resources */,
				9A2710ADC6D646ACA6DD41FA /* Copy Pods Resources */,
			);
			buildRules = (
			);
			dependencies = (
			);
			name = NovProject;
			productName = NovProject;
			productReference = EAAC3937171F6B1400EE670B /* NovProject.app */;
			productType = "com.apple.product-type.application";
		};
/* End PBXNativeTarget section */

/* Begin PBXProject section */
		EAAC392F171F6B1400EE670B /* Project object */ = {
			isa = PBXProject;
			attributes = {
				CLASSPREFIX = NP;
				LastUpgradeCheck = 0460;
				ORGANIZATIONNAME = "Tony DiPasquale";
			};
			buildConfigurationList = EAAC3932171F6B1400EE670B /* Build configuration list for PBXProject "NovProject" */;
			compatibilityVersion = "Xcode 3.2";
			developmentRegion = English;
			hasScannedForEncodings = 0;
			knownRegions = (
				en,
			);
			mainGroup = EAAC392E171F6B1400EE670B;
			productRefGroup = EAAC3938171F6B1400EE670B /* Products */;
			projectDirPath = "";
			projectRoot = "";
			targets = (
				EAAC3936171F6B1400EE670B /* NovProject */,
				EA50386417BBD8DB003DBBAE /* NovProjectTests */,
			);
		};
/* End PBXProject section */

/* Begin PBXResourcesBuildPhase section */
		EA50386217BBD8DB003DBBAE /* Resources */ = {
			isa = PBXResourcesBuildPhase;
			buildActionMask = 2147483647;
			files = (
				EA50386F17BBD8DB003DBBAE /* InfoPlist.strings in Resources */,
				EAC72E9A17C52F84007E6F0E /* workout_types.json in Resources */,
				EAC72E9C17C5305D007E6F0E /* workouts.json in Resources */,
			);
			runOnlyForDeploymentPostprocessing = 0;
		};
		EAAC3935171F6B1400EE670B /* Resources */ = {
			isa = PBXResourcesBuildPhase;
			buildActionMask = 2147483647;
			files = (
				EAAC3945171F6B1400EE670B /* InfoPlist.strings in Resources */,
				EAAC3954171F6B1400EE670B /* MainStoryboard.storyboard in Resources */,
				EAAC3980171F793700EE670B /* Default-568h@2x.png in Resources */,
				EAAC3981171F793700EE670B /* Default.png in Resources */,
				EAAC3982171F793700EE670B /* Default@2x.png in Resources */,
				EAAC3983171F793700EE670B /* Icon-72.png in Resources */,
				EAAC3984171F793700EE670B /* Icon-72@2x.png in Resources */,
				EAAC3985171F793700EE670B /* Icon-Small-50.png in Resources */,
				EAAC3986171F793700EE670B /* Icon-Small-50@2x.png in Resources */,
				EAAC3987171F793700EE670B /* Icon-Small.png in Resources */,
				EAAC3988171F793700EE670B /* Icon-Small@2x.png in Resources */,
				EAAC3989171F793700EE670B /* Icon.png in Resources */,
				EAAC398A171F793700EE670B /* Icon@2x.png in Resources */,
				EAAC398B171F793700EE670B /* iTunesArtwork in Resources */,
				EAAC398C171F793700EE670B /* iTunesArtwork@2x in Resources */,
				EAAC399C17217AA900EE670B /* tablecell_background.png in Resources */,
				EAAC399D17217AA900EE670B /* tablecell_background@2x.png in Resources */,
				EAF5FFFC172974EE001C71F2 /* arrow.png in Resources */,
				EAF5FFFD172974EE001C71F2 /* arrow@2x.png in Resources */,
				EAF2776B172EEF1A002A7C7B /* tab-map.png in Resources */,
				EAF2776C172EEF1A002A7C7B /* tab-map@2x.png in Resources */,
				EAF2776D172EEF1A002A7C7B /* tab-results.png in Resources */,
				EAF2776E172EEF1A002A7C7B /* tab-results@2x.png in Resources */,
				EAF2776F172EEF1A002A7C7B /* tab-verbal.png in Resources */,
				EAF27770172EEF1A002A7C7B /* tab-verbal@2x.png in Resources */,
				EAE5EF70178236810091940B /* private.plist in Resources */,
				EAD3150217A5E28C00F59885 /* FontAwesome.ttf in Resources */,
			);
			runOnlyForDeploymentPostprocessing = 0;
		};
/* End PBXResourcesBuildPhase section */

/* Begin PBXShellScriptBuildPhase section */
		05C9A2E25C44488D92483122 /* Check Pods Manifest.lock */ = {
			isa = PBXShellScriptBuildPhase;
			buildActionMask = 2147483647;
			files = (
			);
			inputPaths = (
			);
			name = "Check Pods Manifest.lock";
			outputPaths = (
			);
			runOnlyForDeploymentPostprocessing = 0;
			shellPath = /bin/sh;
			shellScript = "diff \"${PODS_ROOT}/../Podfile.lock\" \"${PODS_ROOT}/Manifest.lock\" > /dev/null\nif [[ $? != 0 ]] ; then\n    cat << EOM\nerror: The sandbox is not in sync with the Podfile.lock. Run 'pod install' or update your CocoaPods installation.\nEOM\n    exit 1\nfi\n";
			showEnvVarsInLog = 0;
		};
		49969DFFCA5F4B64BB78BCD5 /* Copy Pods Resources */ = {
			isa = PBXShellScriptBuildPhase;
			buildActionMask = 2147483647;
			files = (
			);
			inputPaths = (
			);
			name = "Copy Pods Resources";
			outputPaths = (
			);
			runOnlyForDeploymentPostprocessing = 0;
			shellPath = /bin/sh;
			shellScript = "\"${SRCROOT}/Pods/Pods-NovProjectTests-resources.sh\"\n";
			showEnvVarsInLog = 0;
		};
		9A2710ADC6D646ACA6DD41FA /* Copy Pods Resources */ = {
			isa = PBXShellScriptBuildPhase;
			buildActionMask = 2147483647;
			files = (
			);
			inputPaths = (
			);
			name = "Copy Pods Resources";
			outputPaths = (
			);
			runOnlyForDeploymentPostprocessing = 0;
			shellPath = /bin/sh;
			shellScript = "\"${SRCROOT}/Pods/Pods-resources.sh\"\n";
		};
		D154088BA918490288C5383F /* Check Pods Manifest.lock */ = {
			isa = PBXShellScriptBuildPhase;
			buildActionMask = 2147483647;
			files = (
			);
			inputPaths = (
			);
			name = "Check Pods Manifest.lock";
			outputPaths = (
			);
			runOnlyForDeploymentPostprocessing = 0;
			shellPath = /bin/sh;
			shellScript = "diff \"${PODS_ROOT}/../Podfile.lock\" \"${PODS_ROOT}/Manifest.lock\" > /dev/null\nif [[ $? != 0 ]] ; then\n    cat << EOM\nerror: The sanbox is not in sync with the Podfile.lock. Run 'pod install'.\nEOM\n    exit 1\nfi\n";
		};
		EA50386317BBD8DB003DBBAE /* ShellScript */ = {
			isa = PBXShellScriptBuildPhase;
			buildActionMask = 2147483647;
			files = (
			);
			inputPaths = (
			);
			outputPaths = (
			);
			runOnlyForDeploymentPostprocessing = 0;
			shellPath = /bin/sh;
			shellScript = "# Run the unit tests in this test bundle.\n\"${SYSTEM_DEVELOPER_DIR}/Tools/RunUnitTests\"\n";
		};
/* End PBXShellScriptBuildPhase section */

/* Begin PBXSourcesBuildPhase section */
		EA50386017BBD8DB003DBBAE /* Sources */ = {
			isa = PBXSourcesBuildPhase;
			buildActionMask = 2147483647;
			files = (
				EA50387817BBDD37003DBBAE /* NPUserSpec.m in Sources */,
				EAC72E6417BBFE82007E6F0E /* NPWorkoutSpec.m in Sources */,
				EAC72E6A17BC09AA007E6F0E /* NPWorkout+Fixture.m in Sources */,
				EAC72E6D17BC0A62007E6F0E /* NPUser+Fixture.m in Sources */,
				EAC72E7017BC0A74007E6F0E /* NPVerbal+Fixture.m in Sources */,
				EAC72E7317BC0A83007E6F0E /* NPResult+Fixture.m in Sources */,
				EAC72E7517BC1592007E6F0E /* NPResultSpec.m in Sources */,
				EAC72E7717BC165D007E6F0E /* NPVerbalSpec.m in Sources */,
				EAC72E7917BC16B7007E6F0E /* NPUtilsSpec.m in Sources */,
				EAC72E8017C29346007E6F0E /* NPDateFormatterSpec.m in Sources */,
				EAC72E8217C2B229007E6F0E /* NPCacheManagerSpec.m in Sources */,
				EAC72E8C17C3E1D7007E6F0E /* NSObject+MethodSwizzling.m in Sources */,
				EAC72E8F17C3E7AE007E6F0E /* NPAPIClient+StubExtentions.m in Sources */,
				EAC72E9117C40F17007E6F0E /* NPAPIClientSpec.m in Sources */,
				EAC72EA717C5574E007E6F0E /* NPAnalyticsSpec.m in Sources */,
				EAEFFD8017D139DC004199E6 /* NSDate+Fixture.m in Sources */,
			);
			runOnlyForDeploymentPostprocessing = 0;
		};
		EAAC3933171F6B1400EE670B /* Sources */ = {
			isa = PBXSourcesBuildPhase;
			buildActionMask = 2147483647;
			files = (
				EAAC3947171F6B1400EE670B /* main.m in Sources */,
				EAAC394B171F6B1400EE670B /* NPAppDelegate.m in Sources */,
				EAD314C7179F050800F59885 /* NPSimpleResultsViewController.m in Sources */,
				EAD314CA179F0CDF00F59885 /* NPSimpleResultsCell.m in Sources */,
				EAD314F917A5E28C00F59885 /* NPLoginViewController.m in Sources */,
				EAD314FA17A5E28C00F59885 /* NPMapViewController.m in Sources */,
				EAD314FB17A5E28C00F59885 /* NPMasterViewController.m in Sources */,
				EAD314FC17A5E28C00F59885 /* NPResultsViewController.m in Sources */,
				EAD314FD17A5E28C00F59885 /* NPSubmitResultsViewController.m in Sources */,
				EAD314FE17A5E28C00F59885 /* NPVerbalViewController.m in Sources */,
				EAD314FF17A5E28C00F59885 /* NPAPIClient.m in Sources */,
				EAD3150017A5E28C00F59885 /* NPUtils.m in Sources */,
				EAD3150117A5E28C00F59885 /* FAImageView.m in Sources */,
				EAD3150317A5E28C00F59885 /* NSString+FontAwesome.m in Sources */,
				EAD3150417A5E28C00F59885 /* UIFont+FontAwesome.m in Sources */,
				EAD3150517A5E28C00F59885 /* NPResult.m in Sources */,
				EAD3150617A5E28C00F59885 /* NPUser.m in Sources */,
				EAD3150717A5E28C00F59885 /* NPVerbal.m in Sources */,
				EAD3150817A5E28C00F59885 /* NPWorkout.m in Sources */,
				EAD3150917A5E28C00F59885 /* NPResultCell.m in Sources */,
				EAD3150A17A5E28C00F59885 /* NPVerbalCell.m in Sources */,
				EAD3150B17A5E28C00F59885 /* NPWorkoutCell.m in Sources */,
				EAC72E7D17C28A32007E6F0E /* NPDateFormatter.m in Sources */,
				EAC72E8917C2B793007E6F0E /* NPCacheManager.m in Sources */,
				EAC72E9717C515DE007E6F0E /* NSString+Extensions.m in Sources */,
				EAC72EA217C5552C007E6F0E /* NPColors.m in Sources */,
				EAC72EA517C556F0007E6F0E /* NPAnalytics.m in Sources */,
			);
			runOnlyForDeploymentPostprocessing = 0;
		};
/* End PBXSourcesBuildPhase section */

/* Begin PBXVariantGroup section */
		EA50386D17BBD8DB003DBBAE /* InfoPlist.strings */ = {
			isa = PBXVariantGroup;
			children = (
				EA50386E17BBD8DB003DBBAE /* en */,
			);
			name = InfoPlist.strings;
			sourceTree = "<group>";
		};
		EAAC3943171F6B1400EE670B /* InfoPlist.strings */ = {
			isa = PBXVariantGroup;
			children = (
				EAAC3944171F6B1400EE670B /* en */,
			);
			name = InfoPlist.strings;
			sourceTree = "<group>";
		};
		EAAC3952171F6B1400EE670B /* MainStoryboard.storyboard */ = {
			isa = PBXVariantGroup;
			children = (
				EAAC3953171F6B1400EE670B /* en */,
			);
			name = MainStoryboard.storyboard;
			sourceTree = "<group>";
		};
		EAE5EF6E178236810091940B /* private.plist */ = {
			isa = PBXVariantGroup;
			children = (
				EAE5EF6F178236810091940B /* en */,
			);
			name = private.plist;
			sourceTree = "<group>";
		};
/* End PBXVariantGroup section */

/* Begin XCBuildConfiguration section */
		EA50387417BBD8DB003DBBAE /* Debug */ = {
			isa = XCBuildConfiguration;
			baseConfigurationReference = 5BEB75C6E8B045F7B9E5EEF8 /* Pods-NovProjectTests.xcconfig */;
			buildSettings = {
				BUNDLE_LOADER = "$(BUILT_PRODUCTS_DIR)/NovProject.app/NovProject";
				GCC_PRECOMPILE_PREFIX_HEADER = YES;
				GCC_PREFIX_HEADER = "NovProjectTests/NovProjectTests-Prefix.pch";
				GCC_PREPROCESSOR_DEFINITIONS = (
					"$(inherited)",
					"COCOAPODS=1",
				);
				INFOPLIST_FILE = "NovProjectTests/NovProjectTests-Info.plist";
				IPHONEOS_DEPLOYMENT_TARGET = 6.1;
				PRODUCT_NAME = "$(TARGET_NAME)";
				TEST_HOST = "$(BUNDLE_LOADER)";
				WRAPPER_EXTENSION = octest;
			};
			name = Debug;
		};
		EA50387517BBD8DB003DBBAE /* Release */ = {
			isa = XCBuildConfiguration;
			baseConfigurationReference = 5BEB75C6E8B045F7B9E5EEF8 /* Pods-NovProjectTests.xcconfig */;
			buildSettings = {
				BUNDLE_LOADER = "$(BUILT_PRODUCTS_DIR)/NovProject.app/NovProject";
				GCC_PRECOMPILE_PREFIX_HEADER = YES;
				GCC_PREFIX_HEADER = "NovProjectTests/NovProjectTests-Prefix.pch";
				GCC_PREPROCESSOR_DEFINITIONS = (
					"$(inherited)",
					"COCOAPODS=1",
				);
				INFOPLIST_FILE = "NovProjectTests/NovProjectTests-Info.plist";
				IPHONEOS_DEPLOYMENT_TARGET = 6.1;
				PRODUCT_NAME = "$(TARGET_NAME)";
				TEST_HOST = "$(BUNDLE_LOADER)";
				WRAPPER_EXTENSION = octest;
			};
			name = Release;
		};
		EAAC395B171F6B1400EE670B /* Debug */ = {
			isa = XCBuildConfiguration;
			buildSettings = {
				ALWAYS_SEARCH_USER_PATHS = NO;
				CLANG_CXX_LANGUAGE_STANDARD = "gnu++0x";
				CLANG_CXX_LIBRARY = "libc++";
				CLANG_ENABLE_OBJC_ARC = YES;
				CLANG_WARN_CONSTANT_CONVERSION = YES;
				CLANG_WARN_EMPTY_BODY = YES;
				CLANG_WARN_ENUM_CONVERSION = YES;
				CLANG_WARN_INT_CONVERSION = YES;
				CLANG_WARN__DUPLICATE_METHOD_MATCH = YES;
				"CODE_SIGN_IDENTITY[sdk=iphoneos*]" = "iPhone Developer";
				COPY_PHASE_STRIP = NO;
				GCC_C_LANGUAGE_STANDARD = gnu99;
				GCC_DYNAMIC_NO_PIC = NO;
				GCC_OPTIMIZATION_LEVEL = 0;
				GCC_PREPROCESSOR_DEFINITIONS = (
					"DEBUG=1",
					"$(inherited)",
				);
				GCC_SYMBOLS_PRIVATE_EXTERN = NO;
				GCC_WARN_ABOUT_RETURN_TYPE = YES;
				GCC_WARN_UNINITIALIZED_AUTOS = YES;
				GCC_WARN_UNUSED_VARIABLE = YES;
				IPHONEOS_DEPLOYMENT_TARGET = 5.0;
				ONLY_ACTIVE_ARCH = YES;
				SDKROOT = iphoneos;
			};
			name = Debug;
		};
		EAAC395C171F6B1400EE670B /* Release */ = {
			isa = XCBuildConfiguration;
			buildSettings = {
				ALWAYS_SEARCH_USER_PATHS = NO;
				CLANG_CXX_LANGUAGE_STANDARD = "gnu++0x";
				CLANG_CXX_LIBRARY = "libc++";
				CLANG_ENABLE_OBJC_ARC = YES;
				CLANG_WARN_CONSTANT_CONVERSION = YES;
				CLANG_WARN_EMPTY_BODY = YES;
				CLANG_WARN_ENUM_CONVERSION = YES;
				CLANG_WARN_INT_CONVERSION = YES;
				CLANG_WARN__DUPLICATE_METHOD_MATCH = YES;
				"CODE_SIGN_IDENTITY[sdk=iphoneos*]" = "iPhone Developer";
				COPY_PHASE_STRIP = YES;
				GCC_C_LANGUAGE_STANDARD = gnu99;
				GCC_WARN_ABOUT_RETURN_TYPE = YES;
				GCC_WARN_UNINITIALIZED_AUTOS = YES;
				GCC_WARN_UNUSED_VARIABLE = YES;
				IPHONEOS_DEPLOYMENT_TARGET = 5.0;
				OTHER_CFLAGS = "-DNS_BLOCK_ASSERTIONS=1";
				SDKROOT = iphoneos;
				VALIDATE_PRODUCT = YES;
			};
			name = Release;
		};
		EAAC395E171F6B1400EE670B /* Debug */ = {
			isa = XCBuildConfiguration;
			baseConfigurationReference = D3F14BBF2F2B4DA88492C440 /* Pods.xcconfig */;
			buildSettings = {
				CODE_SIGN_IDENTITY = "iPhone Developer";
				"CODE_SIGN_IDENTITY[sdk=iphoneos*]" = "iPhone Developer: Anthony DiPasquale (QDLPNFYATP)";
				FRAMEWORK_SEARCH_PATHS = (
					"$(inherited)",
					"\"$(SRCROOT)/../../../../Documents/FacebookSDK\"",
				);
				GCC_PRECOMPILE_PREFIX_HEADER = YES;
				GCC_PREFIX_HEADER = "NovProject/NovProject-Prefix.pch";
				INFOPLIST_FILE = "NovProject/NovProject-Info.plist";
				IPHONEOS_DEPLOYMENT_TARGET = 6.0;
				LIBRARY_SEARCH_PATHS = (
					"$(inherited)",
					"\"$(SRCROOT)/Pods/TestFlightSDK\"",
				);
				OTHER_LDFLAGS = "$(inherited)";
				PRODUCT_NAME = NovProject;
				PROVISIONING_PROFILE = "";
				"PROVISIONING_PROFILE[sdk=iphoneos*]" = "";
				TARGETED_DEVICE_FAMILY = 1;
				WRAPPER_EXTENSION = app;
			};
			name = Debug;
		};
		EAAC395F171F6B1400EE670B /* Release */ = {
			isa = XCBuildConfiguration;
			baseConfigurationReference = D3F14BBF2F2B4DA88492C440 /* Pods.xcconfig */;
			buildSettings = {
				CODE_SIGN_IDENTITY = "iPhone Developer";
				"CODE_SIGN_IDENTITY[sdk=iphoneos*]" = "iPhone Distribution: Anthony DiPasquale (7X7CX2JX3F)";
				FRAMEWORK_SEARCH_PATHS = (
					"$(inherited)",
					"\"$(SRCROOT)/../../../../Documents/FacebookSDK\"",
				);
				GCC_PRECOMPILE_PREFIX_HEADER = YES;
				GCC_PREFIX_HEADER = "NovProject/NovProject-Prefix.pch";
				INFOPLIST_FILE = "NovProject/NovProject-Info.plist";
				IPHONEOS_DEPLOYMENT_TARGET = 6.0;
				LIBRARY_SEARCH_PATHS = (
					"$(inherited)",
					"\"$(SRCROOT)/Pods/TestFlightSDK\"",
				);
				OTHER_LDFLAGS = "$(inherited)";
				PRODUCT_NAME = NovProject;
				PROVISIONING_PROFILE = "";
				"PROVISIONING_PROFILE[sdk=iphoneos*]" = "";
				TARGETED_DEVICE_FAMILY = 1;
				WRAPPER_EXTENSION = app;
			};
			name = Release;
		};
/* End XCBuildConfiguration section */

/* Begin XCConfigurationList section */
		EA50387617BBD8DB003DBBAE /* Build configuration list for PBXNativeTarget "NovProjectTests" */ = {
			isa = XCConfigurationList;
			buildConfigurations = (
				EA50387417BBD8DB003DBBAE /* Debug */,
				EA50387517BBD8DB003DBBAE /* Release */,
			);
			defaultConfigurationIsVisible = 0;
			defaultConfigurationName = Release;
		};
		EAAC3932171F6B1400EE670B /* Build configuration list for PBXProject "NovProject" */ = {
			isa = XCConfigurationList;
			buildConfigurations = (
				EAAC395B171F6B1400EE670B /* Debug */,
				EAAC395C171F6B1400EE670B /* Release */,
			);
			defaultConfigurationIsVisible = 0;
			defaultConfigurationName = Release;
		};
		EAAC395D171F6B1400EE670B /* Build configuration list for PBXNativeTarget "NovProject" */ = {
			isa = XCConfigurationList;
			buildConfigurations = (
				EAAC395E171F6B1400EE670B /* Debug */,
				EAAC395F171F6B1400EE670B /* Release */,
			);
			defaultConfigurationIsVisible = 0;
			defaultConfigurationName = Release;
		};
/* End XCConfigurationList section */
	};
	rootObject = EAAC392F171F6B1400EE670B /* Project object */;
}
